
Microsoft Visual Studio Solution File, Format Version 12.00
# Visual Studio 2013
VisualStudioVersion = 12.0.30723.0
MinimumVisualStudioVersion = 10.0.40219.1
Project("{FAE04EC0-301F-11D3-BF4B-00C04F79EFBC}") = "CPS.Web", "CPS\CPS.Web.csproj", "{83414519-03F2-4180-91AE-5855DEA56D73}"
EndProject
Project("{FAE04EC0-301F-11D3-BF4B-00C04F79EFBC}") = "CPS.Domain", "CPS.Domain\CPS.Domain.csproj", "{4F4537E8-5F4C-4854-899F-76335596E377}"
EndProject
Project("{FAE04EC0-301F-11D3-BF4B-00C04F79EFBC}") = "CPS.Contract", "CPS.Contract\CPS.Contract.csproj", "{837E8383-E869-49DE-B364-0BB6404DB176}"
EndProject
Project("{FAE04EC0-301F-11D3-BF4B-00C04F79EFBC}") = "CPS.Business", "CPS.Business\CPS.Business.csproj", "{758D9D14-06F6-4D6B-8D6B-9F01247D36BF}"
EndProject
Project("{FAE04EC0-301F-11D3-BF4B-00C04F79EFBC}") = "CPS.Persistence", "CPS.Persistence\CPS.Persistence.csproj", "{C6C5C9F5-F86A-494E-84D2-EE4E82119AC0}"
EndProject
Project("{FAE04EC0-301F-11D3-BF4B-00C04F79EFBC}") = "CPS.WebAPI.LegacyAdapter", "CPS.WebAPI.LegacyAdapter\CPS.WebAPI.LegacyAdapter.csproj", "{2B796C0C-219E-4F38-9443-4C3F786FB0CD}"
EndProject
Project("{FAE04EC0-301F-11D3-BF4B-00C04F79EFBC}") = "CPS.WebApi", "CPS.WebApi\CPS.WebApi.csproj", "{B858FFE6-E5AF-477D-AE1A-F72B46398AB8}"
EndProject
Global
	GlobalSection(SolutionConfigurationPlatforms) = preSolution
		Debug|Any CPU = Debug|Any CPU
		Release|Any CPU = Release|Any CPU
	EndGlobalSection
	GlobalSection(ProjectConfigurationPlatforms) = postSolution
		{83414519-03F2-4180-91AE-5855DEA56D73}.Debug|Any CPU.ActiveCfg = Debug|Any CPU
		{83414519-03F2-4180-91AE-5855DEA56D73}.Debug|Any CPU.Build.0 = Debug|Any CPU
		{83414519-03F2-4180-91AE-5855DEA56D73}.Release|Any CPU.ActiveCfg = Release|Any CPU
		{83414519-03F2-4180-91AE-5855DEA56D73}.Release|Any CPU.Build.0 = Release|Any CPU
		{4F4537E8-5F4C-4854-899F-76335596E377}.Debug|Any CPU.ActiveCfg = Debug|Any CPU
		{4F4537E8-5F4C-4854-899F-76335596E377}.Debug|Any CPU.Build.0 = Debug|Any CPU
		{4F4537E8-5F4C-4854-899F-76335596E377}.Release|Any CPU.ActiveCfg = Release|Any CPU
		{4F4537E8-5F4C-4854-899F-76335596E377}.Release|Any CPU.Build.0 = Release|Any CPU
		{837E8383-E869-49DE-B364-0BB6404DB176}.Debug|Any CPU.ActiveCfg = Debug|Any CPU
		{837E8383-E869-49DE-B364-0BB6404DB176}.Debug|Any CPU.Build.0 = Debug|Any CPU
		{837E8383-E869-49DE-B364-0BB6404DB176}.Release|Any CPU.ActiveCfg = Release|Any CPU
		{837E8383-E869-49DE-B364-0BB6404DB176}.Release|Any CPU.Build.0 = Release|Any CPU
		{758D9D14-06F6-4D6B-8D6B-9F01247D36BF}.Debug|Any CPU.ActiveCfg = Debug|Any CPU
		{758D9D14-06F6-4D6B-8D6B-9F01247D36BF}.Debug|Any CPU.Build.0 = Debug|Any CPU
		{758D9D14-06F6-4D6B-8D6B-9F01247D36BF}.Release|Any CPU.ActiveCfg = Release|Any CPU
		{758D9D14-06F6-4D6B-8D6B-9F01247D36BF}.Release|Any CPU.Build.0 = Release|Any CPU
		{C6C5C9F5-F86A-494E-84D2-EE4E82119AC0}.Debug|Any CPU.ActiveCfg = Debug|Any CPU
		{C6C5C9F5-F86A-494E-84D2-EE4E82119AC0}.Debug|Any CPU.Build.0 = Debug|Any CPU
		{C6C5C9F5-F86A-494E-84D2-EE4E82119AC0}.Release|Any CPU.ActiveCfg = Release|Any CPU
		{C6C5C9F5-F86A-494E-84D2-EE4E82119AC0}.Release|Any CPU.Build.0 = Release|Any CPU
		{2B796C0C-219E-4F38-9443-4C3F786FB0CD}.Debug|Any CPU.ActiveCfg = Debug|Any CPU
		{2B796C0C-219E-4F38-9443-4C3F786FB0CD}.Debug|Any CPU.Build.0 = Debug|Any CPU
		{2B796C0C-219E-4F38-9443-4C3F786FB0CD}.Release|Any CPU.ActiveCfg = Release|Any CPU
		{2B796C0C-219E-4F38-9443-4C3F786FB0CD}.Release|Any CPU.Build.0 = Release|Any CPU
		{B858FFE6-E5AF-477D-AE1A-F72B46398AB8}.Debug|Any CPU.ActiveCfg = Debug|Any CPU
		{B858FFE6-E5AF-477D-AE1A-F72B46398AB8}.Debug|Any CPU.Build.0 = Debug|Any CPU
		{B858FFE6-E5AF-477D-AE1A-F72B46398AB8}.Release|Any CPU.ActiveCfg = Release|Any CPU
		{B858FFE6-E5AF-477D-AE1A-F72B46398AB8}.Release|Any CPU.Build.0 = Release|Any CPU
	EndGlobalSection
	GlobalSection(SolutionProperties) = preSolution
		HideSolutionNode = FALSE
	EndGlobalSection
EndGlobal
